lockfileVersion: '6.0'

settings:
  autoInstallPeers: true
  excludeLinksFromLockfile: false

devDependencies:
  prettier:
    specifier: 3.2.0
    version: 3.2.0

packages:

  /prettier@3.2.0:
    resolution: {integrity: sha512-/vBUecTGaPlRVwyZVROVC58bYIScqaoEJzZmzQXXrZOzqn0TwWz0EnOozOlFO/YAImRnb7XsKpTCd3m1SjS2Ww==}
    engines: {node: '>=14'}
    hasBin: true
    dev: true
